
Microsoft Visual Studio Solution File, Format Version 12.00
# Visual Studio Version 17
VisualStudioVersion = 17.9.34607.119
MinimumVisualStudioVersion = 10.0.40219.1
Project("{FAE04EC0-301F-11D3-BF4B-00C04F79EFBC}") = "WebDevChallenge", "WebDevChallenge\WebDevChallenge.csproj", "{335C93EC-AEFF-4E22-82B0-B3FF45D29173}"
EndProject
Global
	GlobalSection(SolutionConfigurationPlatforms) = preSolution
		Debug|Any CPU = Debug|Any CPU
		Release|Any CPU = Release|Any CPU
	EndGlobalSection
	GlobalSection(ProjectConfigurationPlatforms) = postSolution
		{335C93EC-AEFF-4E22-82B0-B3FF45D29173}.Debug|Any CPU.ActiveCfg = Debug|Any CPU
		{335C93EC-AEFF-4E22-82B0-B3FF45D29173}.Debug|Any CPU.Build.0 = Debug|Any CPU
		{335C93EC-AEFF-4E22-82B0-B3FF45D29173}.Release|Any CPU.ActiveCfg = Release|Any CPU
		{335C93EC-AEFF-4E22-82B0-B3FF45D29173}.Release|Any CPU.Build.0 = Release|Any CPU
	EndGlobalSection
	GlobalSection(SolutionProperties) = preSolution
		HideSolutionNode = FALSE
	EndGlobalSection
	GlobalSection(ExtensibilityGlobals) = postSolution
		SolutionGuid = {56338432-6C8A-4806-87F2-994C9EE37DCD}
	EndGlobalSection
EndGlobal
